
Microsoft Visual Studio Solution File, Format Version 12.00
# Visual Studio 15
VisualStudioVersion = 15.0.27004.2009
MinimumVisualStudioVersion = 10.0.40219.1
Project("{FAE04EC0-301F-11D3-BF4B-00C04F79EFBC}") = "MY.Northwind.Core", "MY.Northwind.Core\MY.Northwind.Core.csproj", "{19761F71-3BA1-43D2-A985-4D77B9795514}"
EndProject
Project("{FAE04EC0-301F-11D3-BF4B-00C04F79EFBC}") = "MY.Northwind.Entity", "MY.Northwind.Entity\MY.Northwind.Entity.csproj", "{14EAFD50-EBC4-4D6C-8428-CF2DCB116FEC}"
EndProject
Project("{FAE04EC0-301F-11D3-BF4B-00C04F79EFBC}") = "MY.Northwind.Dal", "MY.Northwind.Dal\MY.Northwind.Dal.csproj", "{D6390323-2C5D-4F0F-87D9-6E4797FBD957}"
EndProject
Project("{FAE04EC0-301F-11D3-BF4B-00C04F79EFBC}") = "MY.Northwind.Bal", "MY.Northwind.Bal\MY.Northwind.Bal.csproj", "{676C293C-E934-4638-8037-21997BFA18F2}"
EndProject
Project("{FAE04EC0-301F-11D3-BF4B-00C04F79EFBC}") = "MY.Northwind.WebUI", "MY.Northwind.WebUI\MY.Northwind.WebUI.csproj", "{E7AED238-7F00-41FB-809D-3A8B8979EAD6}"
EndProject
Global
	GlobalSection(SolutionConfigurationPlatforms) = preSolution
		Debug|Any CPU = Debug|Any CPU
		Release|Any CPU = Release|Any CPU
	EndGlobalSection
	GlobalSection(ProjectConfigurationPlatforms) = postSolution
		{19761F71-3BA1-43D2-A985-4D77B9795514}.Debug|Any CPU.ActiveCfg = Debug|Any CPU
		{19761F71-3BA1-43D2-A985-4D77B9795514}.Debug|Any CPU.Build.0 = Debug|Any CPU
		{19761F71-3BA1-43D2-A985-4D77B9795514}.Release|Any CPU.ActiveCfg = Release|Any CPU
		{19761F71-3BA1-43D2-A985-4D77B9795514}.Release|Any CPU.Build.0 = Release|Any CPU
		{14EAFD50-EBC4-4D6C-8428-CF2DCB116FEC}.Debug|Any CPU.ActiveCfg = Debug|Any CPU
		{14EAFD50-EBC4-4D6C-8428-CF2DCB116FEC}.Debug|Any CPU.Build.0 = Debug|Any CPU
		{14EAFD50-EBC4-4D6C-8428-CF2DCB116FEC}.Release|Any CPU.ActiveCfg = Release|Any CPU
		{14EAFD50-EBC4-4D6C-8428-CF2DCB116FEC}.Release|Any CPU.Build.0 = Release|Any CPU
		{D6390323-2C5D-4F0F-87D9-6E4797FBD957}.Debug|Any CPU.ActiveCfg = Debug|Any CPU
		{D6390323-2C5D-4F0F-87D9-6E4797FBD957}.Debug|Any CPU.Build.0 = Debug|Any CPU
		{D6390323-2C5D-4F0F-87D9-6E4797FBD957}.Release|Any CPU.ActiveCfg = Release|Any CPU
		{D6390323-2C5D-4F0F-87D9-6E4797FBD957}.Release|Any CPU.Build.0 = Release|Any CPU
		{676C293C-E934-4638-8037-21997BFA18F2}.Debug|Any CPU.ActiveCfg = Debug|Any CPU
		{676C293C-E934-4638-8037-21997BFA18F2}.Debug|Any CPU.Build.0 = Debug|Any CPU
		{676C293C-E934-4638-8037-21997BFA18F2}.Release|Any CPU.ActiveCfg = Release|Any CPU
		{676C293C-E934-4638-8037-21997BFA18F2}.Release|Any CPU.Build.0 = Release|Any CPU
		{E7AED238-7F00-41FB-809D-3A8B8979EAD6}.Debug|Any CPU.ActiveCfg = Debug|Any CPU
		{E7AED238-7F00-41FB-809D-3A8B8979EAD6}.Debug|Any CPU.Build.0 = Debug|Any CPU
		{E7AED238-7F00-41FB-809D-3A8B8979EAD6}.Release|Any CPU.ActiveCfg = Release|Any CPU
		{E7AED238-7F00-41FB-809D-3A8B8979EAD6}.Release|Any CPU.Build.0 = Release|Any CPU
	EndGlobalSection
	GlobalSection(SolutionProperties) = preSolution
		HideSolutionNode = FALSE
	EndGlobalSection
	GlobalSection(ExtensibilityGlobals) = postSolution
		SolutionGuid = {45C9C627-A282-4C32-93B0-7CDA3F98E581}
	EndGlobalSection
EndGlobal
